
Microsoft Visual Studio Solution File, Format Version 12.00
# Visual Studio Version 16
VisualStudioVersion = 16.0.30114.105
MinimumVisualStudioVersion = 10.0.40219.1
Project("{2150E333-8FDC-42A3-9474-1A3956D46DE8}") = "src", "src", "{00A85426-D35E-4ADF-9665-FF08988E5895}"
EndProject
Project("{FAE04EC0-301F-11D3-BF4B-00C04F79EFBC}") = "HotChocolate.StarWars.Data", "src\StarWars.Data\HotChocolate.StarWars.Data.csproj", "{CE1CAC9A-59F2-4C4B-9424-ABD789648281}"
EndProject
Project("{FAE04EC0-301F-11D3-BF4B-00C04F79EFBC}") = "HotChocolate.StarWars.GraphQL", "src\StarWars.GraphQL\HotChocolate.StarWars.GraphQL.csproj", "{41E2309B-7FF5-44CE-AE4F-CDBAF373DBD3}"
EndProject
Global
	GlobalSection(SolutionConfigurationPlatforms) = preSolution
		Debug|Any CPU = Debug|Any CPU
		Release|Any CPU = Release|Any CPU
	EndGlobalSection
	GlobalSection(SolutionProperties) = preSolution
		HideSolutionNode = FALSE
	EndGlobalSection
	GlobalSection(ProjectConfigurationPlatforms) = postSolution
		{CE1CAC9A-59F2-4C4B-9424-ABD789648281}.Debug|Any CPU.ActiveCfg = Debug|Any CPU
		{CE1CAC9A-59F2-4C4B-9424-ABD789648281}.Debug|Any CPU.Build.0 = Debug|Any CPU
		{CE1CAC9A-59F2-4C4B-9424-ABD789648281}.Release|Any CPU.ActiveCfg = Release|Any CPU
		{CE1CAC9A-59F2-4C4B-9424-ABD789648281}.Release|Any CPU.Build.0 = Release|Any CPU
		{41E2309B-7FF5-44CE-AE4F-CDBAF373DBD3}.Debug|Any CPU.ActiveCfg = Debug|Any CPU
		{41E2309B-7FF5-44CE-AE4F-CDBAF373DBD3}.Debug|Any CPU.Build.0 = Debug|Any CPU
		{41E2309B-7FF5-44CE-AE4F-CDBAF373DBD3}.Release|Any CPU.ActiveCfg = Release|Any CPU
		{41E2309B-7FF5-44CE-AE4F-CDBAF373DBD3}.Release|Any CPU.Build.0 = Release|Any CPU
	EndGlobalSection
	GlobalSection(NestedProjects) = preSolution
		{CE1CAC9A-59F2-4C4B-9424-ABD789648281} = {00A85426-D35E-4ADF-9665-FF08988E5895}
		{41E2309B-7FF5-44CE-AE4F-CDBAF373DBD3} = {00A85426-D35E-4ADF-9665-FF08988E5895}
	EndGlobalSection
EndGlobal
