
Microsoft Visual Studio Solution File, Format Version 12.00
# Visual Studio Version 16
VisualStudioVersion = 16.0.30114.105
MinimumVisualStudioVersion = 10.0.40219.1
Project("{2150E333-8FDC-42A3-9474-1A3956D46DE8}") = "src", "src", "{4F3A9FB9-C393-403F-B0EA-9CB43148F620}"
EndProject
Project("{FAE04EC0-301F-11D3-BF4B-00C04F79EFBC}") = "Tools", "src\Tools\Tools.csproj", "{F4B9BF73-4A2A-4D2C-BA61-683B9AA10014}"
EndProject
Project("{FAE04EC0-301F-11D3-BF4B-00C04F79EFBC}") = "HotChocolate.StarWars.Data", "src\StarWars.Data\HotChocolate.StarWars.Data.csproj", "{64D11658-7976-4E6F-AA12-A1257516D006}"
EndProject
Project("{FAE04EC0-301F-11D3-BF4B-00C04F79EFBC}") = "HotChocolate.StarWars.GraphQL", "src\StarWars.GraphQL\HotChocolate.StarWars.GraphQL.csproj", "{723C8012-6B03-4BC7-93E4-46128B2907CF}"
EndProject
Global
	GlobalSection(SolutionConfigurationPlatforms) = preSolution
		Debug|Any CPU = Debug|Any CPU
		Release|Any CPU = Release|Any CPU
	EndGlobalSection
	GlobalSection(SolutionProperties) = preSolution
		HideSolutionNode = FALSE
	EndGlobalSection
	GlobalSection(ProjectConfigurationPlatforms) = postSolution
		{F4B9BF73-4A2A-4D2C-BA61-683B9AA10014}.Debug|Any CPU.ActiveCfg = Debug|Any CPU
		{F4B9BF73-4A2A-4D2C-BA61-683B9AA10014}.Debug|Any CPU.Build.0 = Debug|Any CPU
		{F4B9BF73-4A2A-4D2C-BA61-683B9AA10014}.Release|Any CPU.ActiveCfg = Release|Any CPU
		{F4B9BF73-4A2A-4D2C-BA61-683B9AA10014}.Release|Any CPU.Build.0 = Release|Any CPU
		{64D11658-7976-4E6F-AA12-A1257516D006}.Debug|Any CPU.ActiveCfg = Debug|Any CPU
		{64D11658-7976-4E6F-AA12-A1257516D006}.Debug|Any CPU.Build.0 = Debug|Any CPU
		{64D11658-7976-4E6F-AA12-A1257516D006}.Release|Any CPU.ActiveCfg = Release|Any CPU
		{64D11658-7976-4E6F-AA12-A1257516D006}.Release|Any CPU.Build.0 = Release|Any CPU
		{723C8012-6B03-4BC7-93E4-46128B2907CF}.Debug|Any CPU.ActiveCfg = Debug|Any CPU
		{723C8012-6B03-4BC7-93E4-46128B2907CF}.Debug|Any CPU.Build.0 = Debug|Any CPU
		{723C8012-6B03-4BC7-93E4-46128B2907CF}.Release|Any CPU.ActiveCfg = Release|Any CPU
		{723C8012-6B03-4BC7-93E4-46128B2907CF}.Release|Any CPU.Build.0 = Release|Any CPU
	EndGlobalSection
	GlobalSection(NestedProjects) = preSolution
		{F4B9BF73-4A2A-4D2C-BA61-683B9AA10014} = {4F3A9FB9-C393-403F-B0EA-9CB43148F620}
		{64D11658-7976-4E6F-AA12-A1257516D006} = {4F3A9FB9-C393-403F-B0EA-9CB43148F620}
		{723C8012-6B03-4BC7-93E4-46128B2907CF} = {4F3A9FB9-C393-403F-B0EA-9CB43148F620}
	EndGlobalSection
EndGlobal
